// !$*UTF8*$!
{
	archiveVersion = 1;
	classes = {
	};
	objectVersion = 77;
	objects = {

/* Begin PBXBuildFile section */
		100000000000000000000001 /* ImgDeckApp.swift in Sources */ = {isa = PBXBuildFile; fileRef = 200000000000000000000001 /* ImgDeckApp.swift */; };
		100000000000000000000002 /* ContentView.swift in Sources */ = {isa = PBXBuildFile; fileRef = 200000000000000000000002 /* ContentView.swift */; };
		100000000000000000000003 /* ImageDeckViewModel.swift in Sources */ = {isa = PBXBuildFile; fileRef = 200000000000000000000003 /* ImageDeckViewModel.swift */; };
		100000000000000000000004 /* PageRenderer.swift in Sources */ = {isa = PBXBuildFile; fileRef = 200000000000000000000004 /* PageRenderer.swift */; };
		100000000000000000000005 /* Models.swift in Sources */ = {isa = PBXBuildFile; fileRef = 200000000000000000000005 /* Models.swift */; };
		100000000000000000000006 /* Assets.xcassets in Resources */ = {isa = PBXBuildFile; fileRef = 200000000000000000000006 /* Assets.xcassets */; };
		100000000000000000000007 /* PageRendererTests.swift in Sources */ = {isa = PBXBuildFile; fileRef = 200000000000000000000007 /* PageRendererTests.swift */; };
		100000000000000000000008 /* XCTest.framework in Frameworks */ = {isa = PBXBuildFile; fileRef = 20000000000000000000000A /* XCTest.framework */; };
/* End PBXBuildFile section */

/* Begin PBXContainerItemProxy section */
		300000000000000000000001 /* PBXContainerItemProxy */ = {
			isa = PBXContainerItemProxy;
			containerPortal = 700000000000000000000001 /* Project object */;
			proxyType = 1;
			remoteGlobalIDString = 600000000000000000000001;
			remoteInfo = ImgDeck;
		};
/* End PBXContainerItemProxy section */

/* Begin PBXFileReference section */
		200000000000000000000001 /* ImgDeckApp.swift */ = {isa = PBXFileReference; lastKnownFileType = sourcecode.swift; path = ImgDeckApp.swift; sourceTree = "<group>"; };
		200000000000000000000002 /* ContentView.swift */ = {isa = PBXFileReference; lastKnownFileType = sourcecode.swift; path = ContentView.swift; sourceTree = "<group>"; };
		200000000000000000000003 /* ImageDeckViewModel.swift */ = {isa = PBXFileReference; lastKnownFileType = sourcecode.swift; path = ImageDeckViewModel.swift; sourceTree = "<group>"; };
		200000000000000000000004 /* PageRenderer.swift */ = {isa = PBXFileReference; lastKnownFileType = sourcecode.swift; path = PageRenderer.swift; sourceTree = "<group>"; };
		200000000000000000000005 /* Models.swift */ = {isa = PBXFileReference; lastKnownFileType = sourcecode.swift; path = Models.swift; sourceTree = "<group>"; };
		200000000000000000000006 /* Assets.xcassets */ = {isa = PBXFileReference; lastKnownFileType = folder.assetcatalog; path = Assets.xcassets; sourceTree = "<group>"; };
		200000000000000000000007 /* PageRendererTests.swift */ = {isa = PBXFileReference; lastKnownFileType = sourcecode.swift; path = PageRendererTests.swift; sourceTree = "<group>"; };
		200000000000000000000008 /* ImgDeck.app */ = {isa = PBXFileReference; explicitFileType = wrapper.application; includeInIndex = 0; path = ImgDeck.app; sourceTree = BUILT_PRODUCTS_DIR; };
		200000000000000000000009 /* ImgDeckTests.xctest */ = {isa = PBXFileReference; explicitFileType = wrapper.cfbundle; includeInIndex = 0; path = ImgDeckTests.xctest; sourceTree = BUILT_PRODUCTS_DIR; };
		20000000000000000000000A /* XCTest.framework */ = {isa = PBXFileReference; lastKnownFileType = wrapper.framework; name = XCTest.framework; path = System/Library/Frameworks/XCTest.framework; sourceTree = SDKROOT; };
/* End PBXFileReference section */

/* Begin PBXFrameworksBuildPhase section */
		400000000000000000000001 /* Frameworks */ = {
			isa = PBXFrameworksBuildPhase;
			buildActionMask = 2147483647;
			files = (
			);
			runOnlyForDeploymentPostprocessing = 0;
		};
		400000000000000000000002 /* Frameworks */ = {
			isa = PBXFrameworksBuildPhase;
			buildActionMask = 2147483647;
			files = (
				100000000000000000000008 /* XCTest.framework in Frameworks */,
			);
			runOnlyForDeploymentPostprocessing = 0;
		};
/* End PBXFrameworksBuildPhase section */

/* Begin PBXGroup section */
		500000000000000000000001 = {
			isa = PBXGroup;
			children = (
				500000000000000000000002 /* ImgDeck */,
				500000000000000000000003 /* ImgDeckTests */,
				500000000000000000000004 /* Frameworks */,
				500000000000000000000005 /* Products */,
			);
			sourceTree = "<group>";
		};
		500000000000000000000002 /* ImgDeck */ = {
			isa = PBXGroup;
			children = (
				200000000000000000000001 /* ImgDeckApp.swift */,
				200000000000000000000002 /* ContentView.swift */,
				200000000000000000000003 /* ImageDeckViewModel.swift */,
				200000000000000000000004 /* PageRenderer.swift */,
				200000000000000000000005 /* Models.swift */,
				200000000000000000000006 /* Assets.xcassets */,
			);
			path = ImgDeck;
			sourceTree = "<group>";
		};
		500000000000000000000003 /* ImgDeckTests */ = {
			isa = PBXGroup;
			children = (
				200000000000000000000007 /* PageRendererTests.swift */,
			);
			path = ImgDeckTests;
			sourceTree = "<group>";
		};
		500000000000000000000004 /* Frameworks */ = {
			isa = PBXGroup;
			children = (
				20000000000000000000000A /* XCTest.framework */,
			);
			name = Frameworks;
			sourceTree = "<group>";
		};
		500000000000000000000005 /* Products */ = {
			isa = PBXGroup;
			children = (
				200000000000000000000008 /* ImgDeck.app */,
				200000000000000000000009 /* ImgDeckTests.xctest */,
			);
			name = Products;
			sourceTree = "<group>";
		};
/* End PBXGroup section */

/* Begin PBXNativeTarget section */
		600000000000000000000001 /* ImgDeck */ = {
			isa = PBXNativeTarget;
			buildConfigurationList = 800000000000000000000002 /* Build configuration list for PBXNativeTarget "ImgDeck" */;
			buildPhases = (
				400000000000000000000003 /* Sources */,
				400000000000000000000001 /* Frameworks */,
				400000000000000000000005 /* Resources */,
			);
			buildRules = (
			);
			dependencies = (
			);
			name = ImgDeck;
			productName = ImgDeck;
			productReference = 200000000000000000000008 /* ImgDeck.app */;
			productType = "com.apple.product-type.application";
		};
		600000000000000000000002 /* ImgDeckTests */ = {
			isa = PBXNativeTarget;
			buildConfigurationList = 800000000000000000000003 /* Build configuration list for PBXNativeTarget "ImgDeckTests" */;
			buildPhases = (
				400000000000000000000004 /* Sources */,
				400000000000000000000002 /* Frameworks */,
			);
			buildRules = (
			);
			dependencies = (
				900000000000000000000001 /* PBXTargetDependency */,
			);
			name = ImgDeckTests;
			productName = ImgDeckTests;
			productReference = 200000000000000000000009 /* ImgDeckTests.xctest */;
			productType = "com.apple.product-type.bundle.unit-test";
		};
/* End PBXNativeTarget section */

/* Begin PBXProject section */
		700000000000000000000001 /* Project object */ = {
			isa = PBXProject;
			attributes = {
				BuildIndependentTargetsInParallel = 1;
				LastSwiftUpdateCheck = 2660;
				LastUpgradeCheck = 2660;
				TargetAttributes = {
					600000000000000000000001 = { CreatedOnToolsVersion = 26.6; };
					600000000000000000000002 = { CreatedOnToolsVersion = 26.6; TestTargetID = 600000000000000000000001; };
				};
			};
			buildConfigurationList = 800000000000000000000001 /* Build configuration list for PBXProject "ImgDeck" */;
			developmentRegion = zh_Hans;
			hasScannedForEncodings = 0;
			knownRegions = (
				en,
				Base,
				zh_Hans,
			);
			mainGroup = 500000000000000000000001;
			preferredProjectObjectVersion = 77;
			productRefGroup = 500000000000000000000005 /* Products */;
			projectDirPath = "";
			projectRoot = "";
			targets = (
				600000000000000000000001 /* ImgDeck */,
				600000000000000000000002 /* ImgDeckTests */,
			);
		};
/* End PBXProject section */

/* Begin PBXResourcesBuildPhase section */
		400000000000000000000005 /* Resources */ = {
			isa = PBXResourcesBuildPhase;
			buildActionMask = 2147483647;
			files = (
				100000000000000000000006 /* Assets.xcassets in Resources */,
			);
			runOnlyForDeploymentPostprocessing = 0;
		};
/* End PBXResourcesBuildPhase section */

/* Begin PBXSourcesBuildPhase section */
		400000000000000000000003 /* Sources */ = {
			isa = PBXSourcesBuildPhase;
			buildActionMask = 2147483647;
			files = (
				100000000000000000000001 /* ImgDeckApp.swift in Sources */,
				100000000000000000000002 /* ContentView.swift in Sources */,
				100000000000000000000003 /* ImageDeckViewModel.swift in Sources */,
				100000000000000000000004 /* PageRenderer.swift in Sources */,
				100000000000000000000005 /* Models.swift in Sources */,
			);
			runOnlyForDeploymentPostprocessing = 0;
		};
		400000000000000000000004 /* Sources */ = {
			isa = PBXSourcesBuildPhase;
			buildActionMask = 2147483647;
			files = (
				100000000000000000000007 /* PageRendererTests.swift in Sources */,
			);
			runOnlyForDeploymentPostprocessing = 0;
		};
/* End PBXSourcesBuildPhase section */

/* Begin PBXTargetDependency section */
		900000000000000000000001 /* PBXTargetDependency */ = {
			isa = PBXTargetDependency;
			target = 600000000000000000000001 /* ImgDeck */;
			targetProxy = 300000000000000000000001 /* PBXContainerItemProxy */;
		};
/* End PBXTargetDependency section */

/* Begin XCBuildConfiguration section */
		A00000000000000000000001 /* Debug */ = {
			isa = XCBuildConfiguration;
			buildSettings = {
				ALWAYS_SEARCH_USER_PATHS = NO;
				CLANG_ENABLE_MODULES = YES;
				CLANG_ENABLE_OBJC_ARC = YES;
				COPY_PHASE_STRIP = NO;
				DEBUG_INFORMATION_FORMAT = dwarf;
				ENABLE_TESTABILITY = YES;
				GCC_C_LANGUAGE_STANDARD = gnu17;
				GCC_OPTIMIZATION_LEVEL = 0;
				MACOSX_DEPLOYMENT_TARGET = 13.0;
				ONLY_ACTIVE_ARCH = YES;
				SDKROOT = macosx;
				SWIFT_ACTIVE_COMPILATION_CONDITIONS = "DEBUG $(inherited)";
				SWIFT_OPTIMIZATION_LEVEL = "-Onone";
			};
			name = Debug;
		};
		A00000000000000000000002 /* Release */ = {
			isa = XCBuildConfiguration;
			buildSettings = {
				ALWAYS_SEARCH_USER_PATHS = NO;
				CLANG_ENABLE_MODULES = YES;
				CLANG_ENABLE_OBJC_ARC = YES;
				COPY_PHASE_STRIP = YES;
				DEBUG_INFORMATION_FORMAT = "dwarf-with-dsym";
				GCC_C_LANGUAGE_STANDARD = gnu17;
				MACOSX_DEPLOYMENT_TARGET = 13.0;
				SDKROOT = macosx;
				SWIFT_COMPILATION_MODE = wholemodule;
				SWIFT_OPTIMIZATION_LEVEL = "-O";
			};
			name = Release;
		};
		A00000000000000000000003 /* Debug */ = {
			isa = XCBuildConfiguration;
			buildSettings = {
				ASSETCATALOG_COMPILER_APPICON_NAME = AppIcon;
				CODE_SIGN_IDENTITY = "-";
				CODE_SIGN_STYLE = Manual;
				CURRENT_PROJECT_VERSION = 1;
				ENABLE_APP_SANDBOX = NO;
				GENERATE_INFOPLIST_FILE = YES;
				INFOPLIST_KEY_CFBundleDisplayName = ImgDeck;
				INFOPLIST_KEY_LSApplicationCategoryType = "public.app-category.graphics-design";
				MARKETING_VERSION = 1.0.0;
				PRODUCT_BUNDLE_IDENTIFIER = com.liziligit.imgdeck;
				PRODUCT_NAME = "$(TARGET_NAME)";
				SWIFT_EMIT_LOC_STRINGS = YES;
				SWIFT_VERSION = 6.0;
			};
			name = Debug;
		};
		A00000000000000000000004 /* Release */ = {
			isa = XCBuildConfiguration;
			buildSettings = {
				ASSETCATALOG_COMPILER_APPICON_NAME = AppIcon;
				CODE_SIGN_IDENTITY = "-";
				CODE_SIGN_STYLE = Manual;
				CURRENT_PROJECT_VERSION = 1;
				ENABLE_APP_SANDBOX = NO;
				GENERATE_INFOPLIST_FILE = YES;
				INFOPLIST_KEY_CFBundleDisplayName = ImgDeck;
				INFOPLIST_KEY_LSApplicationCategoryType = "public.app-category.graphics-design";
				MARKETING_VERSION = 1.0.0;
				PRODUCT_BUNDLE_IDENTIFIER = com.liziligit.imgdeck;
				PRODUCT_NAME = "$(TARGET_NAME)";
				SWIFT_EMIT_LOC_STRINGS = YES;
				SWIFT_VERSION = 6.0;
			};
			name = Release;
		};
		A00000000000000000000005 /* Debug */ = {
			isa = XCBuildConfiguration;
			buildSettings = {
				BUNDLE_LOADER = "$(TEST_HOST)";
				CODE_SIGN_IDENTITY = "-";
				CODE_SIGN_STYLE = Manual;
				GENERATE_INFOPLIST_FILE = YES;
				PRODUCT_BUNDLE_IDENTIFIER = com.liziligit.imgdeck.tests;
				PRODUCT_NAME = "$(TARGET_NAME)";
				SWIFT_VERSION = 6.0;
				TEST_HOST = "$(BUILT_PRODUCTS_DIR)/ImgDeck.app/Contents/MacOS/ImgDeck";
			};
			name = Debug;
		};
		A00000000000000000000006 /* Release */ = {
			isa = XCBuildConfiguration;
			buildSettings = {
				BUNDLE_LOADER = "$(TEST_HOST)";
				CODE_SIGN_IDENTITY = "-";
				CODE_SIGN_STYLE = Manual;
				GENERATE_INFOPLIST_FILE = YES;
				PRODUCT_BUNDLE_IDENTIFIER = com.liziligit.imgdeck.tests;
				PRODUCT_NAME = "$(TARGET_NAME)";
				SWIFT_VERSION = 6.0;
				TEST_HOST = "$(BUILT_PRODUCTS_DIR)/ImgDeck.app/Contents/MacOS/ImgDeck";
			};
			name = Release;
		};
/* End XCBuildConfiguration section */

/* Begin XCConfigurationList section */
		800000000000000000000001 /* Build configuration list for PBXProject "ImgDeck" */ = {
			isa = XCConfigurationList;
			buildConfigurations = (
				A00000000000000000000001 /* Debug */,
				A00000000000000000000002 /* Release */,
			);
			defaultConfigurationIsVisible = 0;
			defaultConfigurationName = Release;
		};
		800000000000000000000002 /* Build configuration list for PBXNativeTarget "ImgDeck" */ = {
			isa = XCConfigurationList;
			buildConfigurations = (
				A00000000000000000000003 /* Debug */,
				A00000000000000000000004 /* Release */,
			);
			defaultConfigurationIsVisible = 0;
			defaultConfigurationName = Release;
		};
		800000000000000000000003 /* Build configuration list for PBXNativeTarget "ImgDeckTests" */ = {
			isa = XCConfigurationList;
			buildConfigurations = (
				A00000000000000000000005 /* Debug */,
				A00000000000000000000006 /* Release */,
			);
			defaultConfigurationIsVisible = 0;
			defaultConfigurationName = Release;
		};
/* End XCConfigurationList section */
	};
	rootObject = 700000000000000000000001 /* Project object */;
}
